
Microsoft Visual Studio Solution File, Format Version 12.00
# Visual Studio Version 17
VisualStudioVersion = 17.11.35327.3
MinimumVisualStudioVersion = 10.0.40219.1
Project("{9A19103F-16F7-4668-BE54-9A1E7A4F7556}") = "BlogApi", "src\blog-api\BlogApi.csproj", "{CDADE387-98CA-46E3-BAE1-46566218A454}"
EndProject
Global
	GlobalSection(SolutionConfigurationPlatforms) = preSolution
		Debug|Any CPU = Debug|Any CPU
		Release|Any CPU = Release|Any CPU
	EndGlobalSection
	GlobalSection(ProjectConfigurationPlatforms) = postSolution
		{CDADE387-98CA-46E3-BAE1-46566218A454}.Debug|Any CPU.ActiveCfg = Debug|Any CPU
		{CDADE387-98CA-46E3-BAE1-46566218A454}.Debug|Any CPU.Build.0 = Debug|Any CPU
		{CDADE387-98CA-46E3-BAE1-46566218A454}.Release|Any CPU.ActiveCfg = Release|Any CPU
		{CDADE387-98CA-46E3-BAE1-46566218A454}.Release|Any CPU.Build.0 = Release|Any CPU
	EndGlobalSection
	GlobalSection(SolutionProperties) = preSolution
		HideSolutionNode = FALSE
	EndGlobalSection
	GlobalSection(ExtensibilityGlobals) = postSolution
		SolutionGuid = {DFC5A13A-C0CE-48B5-94E8-0EE20D8C6E66}
	EndGlobalSection
EndGlobal
